{
  "object": {
    "pins": [
      {
        "package": "BigInt",
        "repositoryURL": "https://github.com/attaswift/BigInt.git",
        "state": {
          "branch": null,
          "revision": "0ed110f7555c34ff468e72e1686e59721f2b0da6",
          "version": "5.3.0"
        }
      },
      {
        "package": "swift-crypto",
        "repositoryURL": "https://github.com/apple/swift-crypto.git",
        "state": {
          "branch": null,
          "revision": "067254c79435de759aeef4a6a03e43d087d61312",
          "version": "2.0.5"
        }
      },
      {
        "package": "swift-nio",
        "repositoryURL": "https://github.com/apple/swift-nio.git",
        "state": {
          "branch": null,
          "revision": "124119f0bb12384cef35aa041d7c3a686108722d",
          "version": "2.40.0"
        }
      },
      {
        "package": "swift-nio-ssh",
        "repositoryURL": "https://github.com/Joannis/swift-nio-ssh.git",
        "state": {
          "branch": null,
          "revision": "171bb0447d52928b4c49790579c98006e1d4ccd4",
          "version": null
        }
      }
    ]
  },
  "version": 1
}
